
Microsoft Visual Studio Solution File, Format Version 12.00
# Visual Studio Version 17
VisualStudioVersion = 17.3.32922.545
MinimumVisualStudioVersion = 10.0.40219.1
Project("{9A19103F-16F7-4668-BE54-9A1E7A4F7556}") = "estudo.api", "estudo.api\estudo.api.csproj", "{69032B09-34E0-4EA5-A7CB-4345554F9A3B}"
EndProject
Project("{9A19103F-16F7-4668-BE54-9A1E7A4F7556}") = "estudo.domain", "estudo.domain\estudo.domain.csproj", "{EC314CA9-A61B-4B12-99D8-13A4AED11643}"
EndProject
Project("{9A19103F-16F7-4668-BE54-9A1E7A4F7556}") = "estudo.infra", "estudo.infra\estudo.infra.csproj", "{D68B216E-EEA2-4456-AC83-D944E3E09FE1}"
EndProject
Project("{9A19103F-16F7-4668-BE54-9A1E7A4F7556}") = "estudo.infraCrossCuting", "estudo.infraCrossCuting\estudo.infraCrossCuting.csproj", "{63CDF0DA-CC94-4450-BBE9-43AC3DAECCDA}"
EndProject
Project("{9A19103F-16F7-4668-BE54-9A1E7A4F7556}") = "estudo.service", "estudo.service\estudo.service.csproj", "{C4ED20C0-BBCA-4E99-BDB6-E90333C63785}"
EndProject
Project("{2150E333-8FDC-42A3-9474-1A3956D46DE8}") = "src", "src", "{69A12E2B-0FE6-4CDD-9A92-DA6321718654}"
EndProject
Project("{2150E333-8FDC-42A3-9474-1A3956D46DE8}") = "Teste", "Teste", "{0B1C4541-5901-4DE9-AAF0-A10673722C40}"
EndProject
Project("{FAE04EC0-301F-11D3-BF4B-00C04F79EFBC}") = "estudo.tests", "estudo.tests\estudo.tests.csproj", "{72D7F52F-F064-445D-88ED-BE069CD4C42D}"
EndProject
Global
	GlobalSection(SolutionConfigurationPlatforms) = preSolution
		Debug|Any CPU = Debug|Any CPU
		Release|Any CPU = Release|Any CPU
	EndGlobalSection
	GlobalSection(ProjectConfigurationPlatforms) = postSolution
		{69032B09-34E0-4EA5-A7CB-4345554F9A3B}.Debug|Any CPU.ActiveCfg = Debug|Any CPU
		{69032B09-34E0-4EA5-A7CB-4345554F9A3B}.Debug|Any CPU.Build.0 = Debug|Any CPU
		{69032B09-34E0-4EA5-A7CB-4345554F9A3B}.Release|Any CPU.ActiveCfg = Release|Any CPU
		{69032B09-34E0-4EA5-A7CB-4345554F9A3B}.Release|Any CPU.Build.0 = Release|Any CPU
		{EC314CA9-A61B-4B12-99D8-13A4AED11643}.Debug|Any CPU.ActiveCfg = Debug|Any CPU
		{EC314CA9-A61B-4B12-99D8-13A4AED11643}.Debug|Any CPU.Build.0 = Debug|Any CPU
		{EC314CA9-A61B-4B12-99D8-13A4AED11643}.Release|Any CPU.ActiveCfg = Release|Any CPU
		{EC314CA9-A61B-4B12-99D8-13A4AED11643}.Release|Any CPU.Build.0 = Release|Any CPU
		{D68B216E-EEA2-4456-AC83-D944E3E09FE1}.Debug|Any CPU.ActiveCfg = Debug|Any CPU
		{D68B216E-EEA2-4456-AC83-D944E3E09FE1}.Debug|Any CPU.Build.0 = Debug|Any CPU
		{D68B216E-EEA2-4456-AC83-D944E3E09FE1}.Release|Any CPU.ActiveCfg = Release|Any CPU
		{D68B216E-EEA2-4456-AC83-D944E3E09FE1}.Release|Any CPU.Build.0 = Release|Any CPU
		{63CDF0DA-CC94-4450-BBE9-43AC3DAECCDA}.Debug|Any CPU.ActiveCfg = Debug|Any CPU
		{63CDF0DA-CC94-4450-BBE9-43AC3DAECCDA}.Debug|Any CPU.Build.0 = Debug|Any CPU
		{63CDF0DA-CC94-4450-BBE9-43AC3DAECCDA}.Release|Any CPU.ActiveCfg = Release|Any CPU
		{63CDF0DA-CC94-4450-BBE9-43AC3DAECCDA}.Release|Any CPU.Build.0 = Release|Any CPU
		{C4ED20C0-BBCA-4E99-BDB6-E90333C63785}.Debug|Any CPU.ActiveCfg = Debug|Any CPU
		{C4ED20C0-BBCA-4E99-BDB6-E90333C63785}.Debug|Any CPU.Build.0 = Debug|Any CPU
		{C4ED20C0-BBCA-4E99-BDB6-E90333C63785}.Release|Any CPU.ActiveCfg = Release|Any CPU
		{C4ED20C0-BBCA-4E99-BDB6-E90333C63785}.Release|Any CPU.Build.0 = Release|Any CPU
		{72D7F52F-F064-445D-88ED-BE069CD4C42D}.Debug|Any CPU.ActiveCfg = Debug|Any CPU
		{72D7F52F-F064-445D-88ED-BE069CD4C42D}.Debug|Any CPU.Build.0 = Debug|Any CPU
		{72D7F52F-F064-445D-88ED-BE069CD4C42D}.Release|Any CPU.ActiveCfg = Release|Any CPU
		{72D7F52F-F064-445D-88ED-BE069CD4C42D}.Release|Any CPU.Build.0 = Release|Any CPU
	EndGlobalSection
	GlobalSection(SolutionProperties) = preSolution
		HideSolutionNode = FALSE
	EndGlobalSection
	GlobalSection(NestedProjects) = preSolution
		{69032B09-34E0-4EA5-A7CB-4345554F9A3B} = {69A12E2B-0FE6-4CDD-9A92-DA6321718654}
		{EC314CA9-A61B-4B12-99D8-13A4AED11643} = {69A12E2B-0FE6-4CDD-9A92-DA6321718654}
		{D68B216E-EEA2-4456-AC83-D944E3E09FE1} = {69A12E2B-0FE6-4CDD-9A92-DA6321718654}
		{63CDF0DA-CC94-4450-BBE9-43AC3DAECCDA} = {69A12E2B-0FE6-4CDD-9A92-DA6321718654}
		{C4ED20C0-BBCA-4E99-BDB6-E90333C63785} = {69A12E2B-0FE6-4CDD-9A92-DA6321718654}
		{72D7F52F-F064-445D-88ED-BE069CD4C42D} = {0B1C4541-5901-4DE9-AAF0-A10673722C40}
	EndGlobalSection
	GlobalSection(ExtensibilityGlobals) = postSolution
		SolutionGuid = {948EF7B8-FED6-44BA-8368-460D3EB3AAB3}
	EndGlobalSection
EndGlobal
